
Microsoft Visual Studio Solution File, Format Version 12.00
# Visual Studio Version 16
VisualStudioVersion = 16.0.29926.136
MinimumVisualStudioVersion = 10.0.40219.1
Project("{9A19103F-16F7-4668-BE54-9A1E7A4F7556}") = "NewsPaper", "NewsPaper\NewsPaper.csproj", "{8C5658D8-7278-495E-BBED-EC2C4D916791}"
EndProject
Project("{FAE04EC0-301F-11D3-BF4B-00C04F79EFBC}") = "Test", "Test\Test.csproj", "{DAD06B15-208B-4202-83EB-87F24AF0340C}"
EndProject
Global
	GlobalSection(SolutionConfigurationPlatforms) = preSolution
		Debug|Any CPU = Debug|Any CPU
		Release|Any CPU = Release|Any CPU
	EndGlobalSection
	GlobalSection(ProjectConfigurationPlatforms) = postSolution
		{8C5658D8-7278-495E-BBED-EC2C4D916791}.Debug|Any CPU.ActiveCfg = Debug|Any CPU
		{8C5658D8-7278-495E-BBED-EC2C4D916791}.Debug|Any CPU.Build.0 = Debug|Any CPU
		{8C5658D8-7278-495E-BBED-EC2C4D916791}.Release|Any CPU.ActiveCfg = Release|Any CPU
		{8C5658D8-7278-495E-BBED-EC2C4D916791}.Release|Any CPU.Build.0 = Release|Any CPU
		{DAD06B15-208B-4202-83EB-87F24AF0340C}.Debug|Any CPU.ActiveCfg = Debug|Any CPU
		{DAD06B15-208B-4202-83EB-87F24AF0340C}.Debug|Any CPU.Build.0 = Debug|Any CPU
		{DAD06B15-208B-4202-83EB-87F24AF0340C}.Release|Any CPU.ActiveCfg = Release|Any CPU
		{DAD06B15-208B-4202-83EB-87F24AF0340C}.Release|Any CPU.Build.0 = Release|Any CPU
	EndGlobalSection
	GlobalSection(SolutionProperties) = preSolution
		HideSolutionNode = FALSE
	EndGlobalSection
	GlobalSection(ExtensibilityGlobals) = postSolution
		SolutionGuid = {665FBFAF-64A7-4D99-ACDC-D8D652C60BEC}
	EndGlobalSection
EndGlobal
